{
  "version": 4,
  "terraform_version": "1.13.4",
  "serial": 52,
  "lineage": "59e8fcdd-3cd8-0fab-466d-4c83cc02a662",
  "outputs": {
    "chisel_auth": {
      "value": "Wis0hlJ4eL6lVwYZ3ftR5zkXCwrqTpzlICBdShfv8rJolKJU3St7xwN7brKu6IQc",
      "type": "string",
      "sensitive": true
    },
    "chisel_server_domain": {
      "value": "epaper.whirlwind.family",
      "type": "string"
    },
    "chisel_server_endpoint": {
      "value": "https://epaper.whirlwind.family:8080",
      "type": "string"
    },
    "chisel_server_public_ip": {
      "value": "35.174.184.81",
      "type": "string"
    },
    "chisel_tunnel_url": {
      "value": "https://epaper.whirlwind.family",
      "type": "string"
    },
    "client_config_generated": {
      "value": false,
      "type": "bool"
    },
    "client_setup_instructions": {
      "value": [
        "Client config not generated. Set generate_client_config = true to enable."
      ],
      "type": [
        "list",
        "string"
      ]
    },
    "hosted_zone_id": {
      "value": "Z08925787J32A5PCXOGE",
      "type": "string"
    },
    "hosted_zone_name": {
      "value": "whirlwind.family",
      "type": "string"
    },
    "ssh_connection": {
      "value": "No SSH key configured - use SSM Session Manager instead",
      "type": "string"
    },
    "ssl_certificate_info": {
      "value": "Certificate auto-renewed by certbot for epaper.whirlwind.family",
      "type": "string"
    },
    "ssm_connection": {
      "value": "aws ssm start-session --target i-03dab97afb2e67fba --region us-east-1",
      "type": "string"
    }
  },
  "resources": [
    {
      "mode": "data",
      "type": "aws_ami",
      "name": "amazon_linux",
      "provider": "provider[\"registry.terraform.io/hashicorp/aws\"]",
      "instances": [
        {
          "schema_version": 0,
          "attributes": {
            "architecture": "x86_64",
            "arn": "arn:aws:ec2:us-east-1::image/ami-0601422bf6afa8ac3",
            "block_device_mappings": [
              {
                "device_name": "/dev/xvda",
                "ebs": {
                  "delete_on_termination": "true",
                  "encrypted": "false",
                  "iops": "0",
                  "snapshot_id": "snap-009bb0813babda1d2",
                  "throughput": "0",
                  "volume_initialization_rate": "0",
                  "volume_size": "8",
                  "volume_type": "gp2"
                },
                "no_device": "",
                "virtual_name": ""
              }
            ],
            "boot_mode": "",
            "creation_date": "2025-10-24T17:55:29.000Z",
            "deprecation_time": "2026-01-22T00:00:00.000Z",
            "description": "Amazon Linux 2 AMI 2.0.20251027.1 x86_64 HVM gp2",
            "ena_support": true,
            "executable_users": null,
            "filter": [
              {
                "name": "name",
                "values": [
                  "amzn2-ami-hvm-*-x86_64-gp2"
                ]
              },
              {
                "name": "virtualization-type",
                "values": [
                  "hvm"
                ]
              }
            ],
            "hypervisor": "xen",
            "id": "ami-0601422bf6afa8ac3",
            "image_id": "ami-0601422bf6afa8ac3",
            "image_location": "amazon/amzn2-ami-hvm-2.0.20251027.1-x86_64-gp2",
            "image_owner_alias": "amazon",
            "image_type": "machine",
            "imds_support": "",
            "include_deprecated": false,
            "kernel_id": "",
            "last_launched_time": "",
            "most_recent": true,
            "name": "amzn2-ami-hvm-2.0.20251027.1-x86_64-gp2",
            "name_regex": null,
            "owner_id": "137112412989",
            "owners": [
              "amazon"
            ],
            "platform": "",
            "platform_details": "Linux/UNIX",
            "product_codes": [],
            "public": true,
            "ramdisk_id": "",
            "root_device_name": "/dev/xvda",
            "root_device_type": "ebs",
            "root_snapshot_id": "snap-009bb0813babda1d2",
            "sriov_net_support": "simple",
            "state": "available",
            "state_reason": {
              "code": "UNSET",
              "message": "UNSET"
            },
            "tags": {},
            "timeouts": null,
            "tpm_support": "",
            "uefi_data": null,
            "usage_operation": "RunInstances",
            "virtualization_type": "hvm"
          },
          "sensitive_attributes": [],
          "identity_schema_version": 0
        }
      ]
    },
    {
      "mode": "data",
      "type": "aws_route53_zone",
      "name": "by_name",
      "provider": "provider[\"registry.terraform.io/hashicorp/aws\"]",
      "instances": [
        {
          "index_key": 0,
          "schema_version": 0,
          "attributes": {
            "arn": "arn:aws:route53:::hostedzone/Z08925787J32A5PCXOGE",
            "caller_reference": "RISWorkflow-RD:a2528d9c-3450-4c7c-944b-4822b6988ee4",
            "comment": "HostedZone created by Route53 Registrar",
            "id": "Z08925787J32A5PCXOGE",
            "linked_service_description": null,
            "linked_service_principal": null,
            "name": "whirlwind.family",
            "name_servers": [
              "ns-1411.awsdns-48.org",
              "ns-493.awsdns-61.com",
              "ns-1022.awsdns-63.net",
              "ns-1865.awsdns-41.co.uk"
            ],
            "primary_name_server": "ns-1411.awsdns-48.org",
            "private_zone": false,
            "resource_record_set_count": 9,
            "tags": {},
            "vpc_id": null,
            "zone_id": "Z08925787J32A5PCXOGE"
          },
          "sensitive_attributes": [],
          "identity_schema_version": 0
        }
      ]
    },
    {
      "mode": "managed",
      "type": "aws_eip",
      "name": "chisel_server",
      "provider": "provider[\"registry.terraform.io/hashicorp/aws\"]",
      "instances": [
        {
          "schema_version": 0,
          "attributes": {
            "address": null,
            "allocation_id": "eipalloc-0790fb4e76d51b7f0",
            "arn": "arn:aws:ec2:us-east-1:428933486948:elastic-ip/eipalloc-0790fb4e76d51b7f0",
            "associate_with_private_ip": null,
            "association_id": "eipassoc-08598fecd9dd35611",
            "carrier_ip": "",
            "customer_owned_ip": "",
            "customer_owned_ipv4_pool": "",
            "domain": "vpc",
            "id": "eipalloc-0790fb4e76d51b7f0",
            "instance": "i-03dab97afb2e67fba",
            "ipam_pool_id": null,
            "network_border_group": "us-east-1",
            "network_interface": "eni-0750632e66288b88b",
            "private_dns": "ip-172-31-21-193.ec2.internal",
            "private_ip": "172.31.21.193",
            "ptr_record": "",
            "public_dns": "ec2-35-174-184-81.compute-1.amazonaws.com",
            "public_ip": "35.174.184.81",
            "public_ipv4_pool": "amazon",
            "tags": {
              "Environment": "production",
              "ManagedBy": "terraform",
              "Name": "epaper-chisel-server-eip",
              "Project": "ePaper"
            },
            "tags_all": {
              "Environment": "production",
              "ManagedBy": "terraform",
              "Name": "epaper-chisel-server-eip",
              "Project": "ePaper"
            },
            "timeouts": null,
            "vpc": true
          },
          "sensitive_attributes": [],
          "identity_schema_version": 0,
          "private": "eyJlMmJmYjczMC1lY2FhLTExZTYtOGY4OC0zNDM2M2JjN2M0YzAiOnsiZGVsZXRlIjoxODAwMDAwMDAwMDAsInJlYWQiOjkwMDAwMDAwMDAwMCwidXBkYXRlIjozMDAwMDAwMDAwMDB9fQ==",
          "dependencies": [
            "aws_iam_instance_profile.chisel_server",
            "aws_iam_role.chisel_server",
            "aws_instance.chisel_server",
            "aws_security_group.chisel_server",
            "data.aws_ami.amazon_linux",
            "random_password.chisel_auth"
          ]
        }
      ]
    },
    {
      "mode": "managed",
      "type": "aws_iam_instance_profile",
      "name": "chisel_server",
      "provider": "provider[\"registry.terraform.io/hashicorp/aws\"]",
      "instances": [
        {
          "schema_version": 0,
          "attributes": {
            "arn": "arn:aws:iam::428933486948:instance-profile/epaper-chisel-server-profile",
            "create_date": "2025-10-31T22:23:04Z",
            "id": "epaper-chisel-server-profile",
            "name": "epaper-chisel-server-profile",
            "name_prefix": "",
            "path": "/",
            "role": "epaper-chisel-server-role",
            "tags": {
              "Environment": "production",
              "ManagedBy": "terraform",
              "Project": "ePaper"
            },
            "tags_all": {
              "Environment": "production",
              "ManagedBy": "terraform",
              "Project": "ePaper"
            },
            "unique_id": "AIPAWHXTNTFSK3SKY5Y33"
          },
          "sensitive_attributes": [],
          "identity_schema_version": 0,
          "private": "bnVsbA==",
          "dependencies": [
            "aws_iam_role.chisel_server"
          ]
        }
      ]
    },
    {
      "mode": "managed",
      "type": "aws_iam_role",
      "name": "chisel_server",
      "provider": "provider[\"registry.terraform.io/hashicorp/aws\"]",
      "instances": [
        {
          "schema_version": 0,
          "attributes": {
            "arn": "arn:aws:iam::428933486948:role/epaper-chisel-server-role",
            "assume_role_policy": "{\"Statement\":[{\"Action\":\"sts:AssumeRole\",\"Effect\":\"Allow\",\"Principal\":{\"Service\":\"ec2.amazonaws.com\"}}],\"Version\":\"2012-10-17\"}",
            "create_date": "2025-10-31T22:23:03Z",
            "description": "",
            "force_detach_policies": false,
            "id": "epaper-chisel-server-role",
            "inline_policy": [],
            "managed_policy_arns": [
              "arn:aws:iam::aws:policy/AmazonSSMManagedInstanceCore",
              "arn:aws:iam::aws:policy/CloudWatchAgentServerPolicy"
            ],
            "max_session_duration": 3600,
            "name": "epaper-chisel-server-role",
            "name_prefix": "",
            "path": "/",
            "permissions_boundary": "",
            "tags": {
              "Environment": "production",
              "ManagedBy": "terraform",
              "Project": "ePaper"
            },
            "tags_all": {
              "Environment": "production",
              "ManagedBy": "terraform",
              "Project": "ePaper"
            },
            "unique_id": "AROAWHXTNTFSOAM6QIWB7"
          },
          "sensitive_attributes": [],
          "identity_schema_version": 0,
          "private": "bnVsbA=="
        }
      ]
    },
    {
      "mode": "managed",
      "type": "aws_iam_role_policy_attachment",
      "name": "cloudwatch_agent",
      "provider": "provider[\"registry.terraform.io/hashicorp/aws\"]",
      "instances": [
        {
          "schema_version": 0,
          "attributes": {
            "id": "epaper-chisel-server-role-20251031222304317800000001",
            "policy_arn": "arn:aws:iam::aws:policy/CloudWatchAgentServerPolicy",
            "role": "epaper-chisel-server-role"
          },
          "sensitive_attributes": [],
          "identity_schema_version": 0,
          "private": "bnVsbA==",
          "dependencies": [
            "aws_iam_role.chisel_server"
          ]
        }
      ]
    },
    {
      "mode": "managed",
      "type": "aws_iam_role_policy_attachment",
      "name": "ssm_managed_instance",
      "provider": "provider[\"registry.terraform.io/hashicorp/aws\"]",
      "instances": [
        {
          "schema_version": 0,
          "attributes": {
            "id": "epaper-chisel-server-role-20251031222304478400000002",
            "policy_arn": "arn:aws:iam::aws:policy/AmazonSSMManagedInstanceCore",
            "role": "epaper-chisel-server-role"
          },
          "sensitive_attributes": [],
          "identity_schema_version": 0,
          "private": "bnVsbA==",
          "dependencies": [
            "aws_iam_role.chisel_server"
          ]
        }
      ]
    },
    {
      "mode": "managed",
      "type": "aws_instance",
      "name": "chisel_server",
      "provider": "provider[\"registry.terraform.io/hashicorp/aws\"]",
      "instances": [
        {
          "schema_version": 1,
          "attributes": {
            "ami": "ami-0601422bf6afa8ac3",
            "arn": "arn:aws:ec2:us-east-1:428933486948:instance/i-03dab97afb2e67fba",
            "associate_public_ip_address": true,
            "availability_zone": "us-east-1c",
            "capacity_reservation_specification": [
              {
                "capacity_reservation_preference": "open",
                "capacity_reservation_target": []
              }
            ],
            "cpu_core_count": 1,
            "cpu_options": [
              {
                "amd_sev_snp": "",
                "core_count": 1,
                "threads_per_core": 2
              }
            ],
            "cpu_threads_per_core": 2,
            "credit_specification": [
              {
                "cpu_credits": "unlimited"
              }
            ],
            "disable_api_stop": false,
            "disable_api_termination": false,
            "ebs_block_device": [],
            "ebs_optimized": false,
            "enable_primary_ipv6": null,
            "enclave_options": [
              {
                "enabled": false
              }
            ],
            "ephemeral_block_device": [],
            "get_password_data": false,
            "hibernation": false,
            "host_id": "",
            "host_resource_group_arn": null,
            "iam_instance_profile": "epaper-chisel-server-profile",
            "id": "i-03dab97afb2e67fba",
            "instance_initiated_shutdown_behavior": "stop",
            "instance_lifecycle": "",
            "instance_market_options": [],
            "instance_state": "running",
            "instance_type": "t3.micro",
            "ipv6_address_count": 0,
            "ipv6_addresses": [],
            "key_name": "",
            "launch_template": [],
            "maintenance_options": [
              {
                "auto_recovery": "default"
              }
            ],
            "metadata_options": [
              {
                "http_endpoint": "enabled",
                "http_protocol_ipv6": "disabled",
                "http_put_response_hop_limit": 1,
                "http_tokens": "optional",
                "instance_metadata_tags": "disabled"
              }
            ],
            "monitoring": false,
            "network_interface": [],
            "outpost_arn": "",
            "password_data": "",
            "placement_group": "",
            "placement_partition_number": 0,
            "primary_network_interface_id": "eni-0750632e66288b88b",
            "private_dns": "ip-172-31-21-193.ec2.internal",
            "private_dns_name_options": [
              {
                "enable_resource_name_dns_a_record": false,
                "enable_resource_name_dns_aaaa_record": false,
                "hostname_type": "ip-name"
              }
            ],
            "private_ip": "172.31.21.193",
            "public_dns": "ec2-18-234-175-196.compute-1.amazonaws.com",
            "public_ip": "18.234.175.196",
            "root_block_device": [
              {
                "delete_on_termination": true,
                "device_name": "/dev/xvda",
                "encrypted": false,
                "iops": 100,
                "kms_key_id": "",
                "tags": {},
                "tags_all": {},
                "throughput": 0,
                "volume_id": "vol-069e6571824a426fa",
                "volume_size": 8,
                "volume_type": "gp2"
              }
            ],
            "secondary_private_ips": [],
            "security_groups": [
              "epaper-chisel-server-sg"
            ],
            "source_dest_check": true,
            "spot_instance_request_id": "",
            "subnet_id": "subnet-bd0c11f4",
            "tags": {
              "Environment": "production",
              "ManagedBy": "terraform",
              "Name": "epaper-chisel-server",
              "Project": "ePaper"
            },
            "tags_all": {
              "Environment": "production",
              "ManagedBy": "terraform",
              "Name": "epaper-chisel-server",
              "Project": "ePaper"
            },
            "tenancy": "default",
            "timeouts": null,
            "user_data": "ae0fd0875bb3547b588f1cb34cd44c396cbcfd68",
            "user_data_base64": null,
            "user_data_replace_on_change": true,
            "volume_tags": null,
            "vpc_security_group_ids": [
              "sg-0624bee354fe219ee"
            ]
          },
          "sensitive_attributes": [
            [
              {
                "type": "get_attr",
                "value": "user_data"
              }
            ]
          ],
          "identity_schema_version": 0,
          "private": "eyJlMmJmYjczMC1lY2FhLTExZTYtOGY4OC0zNDM2M2JjN2M0YzAiOnsiY3JlYXRlIjo2MDAwMDAwMDAwMDAsImRlbGV0ZSI6MTIwMDAwMDAwMDAwMCwicmVhZCI6OTAwMDAwMDAwMDAwLCJ1cGRhdGUiOjYwMDAwMDAwMDAwMH0sInNjaGVtYV92ZXJzaW9uIjoiMSJ9",
          "dependencies": [
            "aws_iam_instance_profile.chisel_server",
            "aws_iam_role.chisel_server",
            "aws_security_group.chisel_server",
            "data.aws_ami.amazon_linux",
            "random_password.chisel_auth"
          ]
        }
      ]
    },
    {
      "mode": "managed",
      "type": "aws_route53_record",
      "name": "chisel",
      "provider": "provider[\"registry.terraform.io/hashicorp/aws\"]",
      "instances": [
        {
          "schema_version": 2,
          "attributes": {
            "alias": [],
            "allow_overwrite": null,
            "cidr_routing_policy": [],
            "failover_routing_policy": [],
            "fqdn": "epaper.whirlwind.family",
            "geolocation_routing_policy": [],
            "geoproximity_routing_policy": [],
            "health_check_id": "",
            "id": "Z08925787J32A5PCXOGE_epaper.whirlwind.family_A",
            "latency_routing_policy": [],
            "multivalue_answer_routing_policy": false,
            "name": "epaper.whirlwind.family",
            "records": [
              "35.174.184.81"
            ],
            "set_identifier": "",
            "timeouts": null,
            "ttl": 300,
            "type": "A",
            "weighted_routing_policy": [],
            "zone_id": "Z08925787J32A5PCXOGE"
          },
          "sensitive_attributes": [],
          "identity_schema_version": 0,
          "private": "eyJlMmJmYjczMC1lY2FhLTExZTYtOGY4OC0zNDM2M2JjN2M0YzAiOnsiY3JlYXRlIjoxODAwMDAwMDAwMDAwLCJkZWxldGUiOjE4MDAwMDAwMDAwMDAsInVwZGF0ZSI6MTgwMDAwMDAwMDAwMH0sInNjaGVtYV92ZXJzaW9uIjoiMiJ9",
          "dependencies": [
            "aws_eip.chisel_server",
            "aws_iam_instance_profile.chisel_server",
            "aws_iam_role.chisel_server",
            "aws_instance.chisel_server",
            "aws_security_group.chisel_server",
            "data.aws_ami.amazon_linux",
            "data.aws_route53_zone.by_name",
            "data.aws_route53_zone.main",
            "random_password.chisel_auth"
          ]
        }
      ]
    },
    {
      "mode": "managed",
      "type": "aws_security_group",
      "name": "chisel_server",
      "provider": "provider[\"registry.terraform.io/hashicorp/aws\"]",
      "instances": [
        {
          "schema_version": 1,
          "attributes": {
            "arn": "arn:aws:ec2:us-east-1:428933486948:security-group/sg-0624bee354fe219ee",
            "description": "Security group for Chisel server",
            "egress": [
              {
                "cidr_blocks": [
                  "0.0.0.0/0"
                ],
                "description": "",
                "from_port": 0,
                "ipv6_cidr_blocks": [],
                "prefix_list_ids": [],
                "protocol": "-1",
                "security_groups": [],
                "self": false,
                "to_port": 0
              }
            ],
            "id": "sg-0624bee354fe219ee",
            "ingress": [
              {
                "cidr_blocks": [
                  "0.0.0.0/0"
                ],
                "description": "",
                "from_port": 22,
                "ipv6_cidr_blocks": [],
                "prefix_list_ids": [],
                "protocol": "tcp",
                "security_groups": [],
                "self": false,
                "to_port": 22
              },
              {
                "cidr_blocks": [
                  "0.0.0.0/0"
                ],
                "description": "",
                "from_port": 443,
                "ipv6_cidr_blocks": [],
                "prefix_list_ids": [],
                "protocol": "tcp",
                "security_groups": [],
                "self": false,
                "to_port": 443
              },
              {
                "cidr_blocks": [
                  "0.0.0.0/0"
                ],
                "description": "",
                "from_port": 8080,
                "ipv6_cidr_blocks": [],
                "prefix_list_ids": [],
                "protocol": "tcp",
                "security_groups": [],
                "self": false,
                "to_port": 8080
              },
              {
                "cidr_blocks": [
                  "0.0.0.0/0"
                ],
                "description": "",
                "from_port": 80,
                "ipv6_cidr_blocks": [],
                "prefix_list_ids": [],
                "protocol": "tcp",
                "security_groups": [],
                "self": false,
                "to_port": 80
              }
            ],
            "name": "epaper-chisel-server-sg",
            "name_prefix": "",
            "owner_id": "428933486948",
            "revoke_rules_on_delete": false,
            "tags": {
              "Environment": "production",
              "ManagedBy": "terraform",
              "Name": "epaper-chisel-server-sg",
              "Project": "ePaper"
            },
            "tags_all": {
              "Environment": "production",
              "ManagedBy": "terraform",
              "Name": "epaper-chisel-server-sg",
              "Project": "ePaper"
            },
            "timeouts": null,
            "vpc_id": "vpc-172e5171"
          },
          "sensitive_attributes": [],
          "identity_schema_version": 0,
          "private": "eyJlMmJmYjczMC1lY2FhLTExZTYtOGY4OC0zNDM2M2JjN2M0YzAiOnsiY3JlYXRlIjo2MDAwMDAwMDAwMDAsImRlbGV0ZSI6OTAwMDAwMDAwMDAwfSwic2NoZW1hX3ZlcnNpb24iOiIxIn0="
        }
      ]
    },
    {
      "mode": "managed",
      "type": "random_password",
      "name": "chisel_auth",
      "provider": "provider[\"registry.terraform.io/hashicorp/random\"]",
      "instances": [
        {
          "index_key": 0,
          "schema_version": 3,
          "attributes": {
            "bcrypt_hash": "$2a$10$3UsGH2amyBK91TG/5HBL0uqPvGCchtNTkJaM.stOKlOCWGJwsqBva",
            "id": "none",
            "keepers": null,
            "length": 64,
            "lower": true,
            "min_lower": 0,
            "min_numeric": 0,
            "min_special": 0,
            "min_upper": 0,
            "number": true,
            "numeric": true,
            "override_special": null,
            "result": "Wis0hlJ4eL6lVwYZ3ftR5zkXCwrqTpzlICBdShfv8rJolKJU3St7xwN7brKu6IQc",
            "special": false,
            "upper": true
          },
          "sensitive_attributes": [
            [
              {
                "type": "get_attr",
                "value": "bcrypt_hash"
              }
            ],
            [
              {
                "type": "get_attr",
                "value": "result"
              }
            ]
          ],
          "identity_schema_version": 0
        }
      ]
    }
  ],
  "check_results": null
}
