{
  "version": 4,
  "terraform_version": "1.1.7",
  "serial": 13,
  "lineage": "59e8fcdd-3cd8-0fab-466d-4c83cc02a662",
  "outputs": {
    "client_config_generated": {
      "value": true,
      "type": "bool"
    },
    "client_setup_instructions": {
      "value": [
        "1. Copy these files to your target system:",
        "   - infrastructure/docker-compose.inlets.yml",
        "   - infrastructure/.env.inlets (generated)",
        "2. Run: docker compose -f docker-compose.inlets.yml up -d",
        "3. Check status: docker compose -f docker-compose.inlets.yml logs -f"
      ],
      "type": [
        "list",
        "string"
      ]
    },
    "hosted_zone_id": {
      "value": "Z08925787J32A5PCXOGE",
      "type": "string"
    },
    "hosted_zone_name": {
      "value": "whirlwind.family",
      "type": "string"
    },
    "inlets_server_domain": {
      "value": "epaper.whirlwind.family",
      "type": "string"
    },
    "inlets_server_endpoint": {
      "value": "wss://epaper.whirlwind.family:8123",
      "type": "string"
    },
    "inlets_server_public_ip": {
      "value": "100.27.93.141",
      "type": "string"
    },
    "inlets_token": {
      "value": "1efzkzuuMkcjSD4w3tDU77VuDf5G34lBtIl8qhilbBTR7Un0dMyEw5TdjAP9vKff",
      "type": "string",
      "sensitive": true
    },
    "inlets_tunnel_url": {
      "value": "https://epaper.whirlwind.family",
      "type": "string"
    },
    "ssh_connection": {
      "value": "No SSH key configured - use SSM Session Manager instead",
      "type": "string"
    },
    "ssl_certificate_info": {
      "value": "Certificate auto-renewed by certbot for epaper.whirlwind.family",
      "type": "string"
    },
    "ssm_connection": {
      "value": "aws ssm start-session --target i-0527a06d69fd791cb --region us-east-1",
      "type": "string"
    }
  },
  "resources": [
    {
      "mode": "data",
      "type": "aws_ami",
      "name": "amazon_linux",
      "provider": "provider[\"registry.terraform.io/hashicorp/aws\"]",
      "instances": [
        {
          "schema_version": 0,
          "attributes": {
            "architecture": "x86_64",
            "arn": "arn:aws:ec2:us-east-1::image/ami-0601422bf6afa8ac3",
            "block_device_mappings": [
              {
                "device_name": "/dev/xvda",
                "ebs": {
                  "delete_on_termination": "true",
                  "encrypted": "false",
                  "iops": "0",
                  "snapshot_id": "snap-009bb0813babda1d2",
                  "throughput": "0",
                  "volume_initialization_rate": "0",
                  "volume_size": "8",
                  "volume_type": "gp2"
                },
                "no_device": "",
                "virtual_name": ""
              }
            ],
            "boot_mode": "",
            "creation_date": "2025-10-24T17:55:29.000Z",
            "deprecation_time": "2026-01-22T00:00:00.000Z",
            "description": "Amazon Linux 2 AMI 2.0.20251027.1 x86_64 HVM gp2",
            "ena_support": true,
            "executable_users": null,
            "filter": [
              {
                "name": "name",
                "values": [
                  "amzn2-ami-hvm-*-x86_64-gp2"
                ]
              },
              {
                "name": "virtualization-type",
                "values": [
                  "hvm"
                ]
              }
            ],
            "hypervisor": "xen",
            "id": "ami-0601422bf6afa8ac3",
            "image_id": "ami-0601422bf6afa8ac3",
            "image_location": "amazon/amzn2-ami-hvm-2.0.20251027.1-x86_64-gp2",
            "image_owner_alias": "amazon",
            "image_type": "machine",
            "imds_support": "",
            "include_deprecated": false,
            "kernel_id": "",
            "last_launched_time": "",
            "most_recent": true,
            "name": "amzn2-ami-hvm-2.0.20251027.1-x86_64-gp2",
            "name_regex": null,
            "owner_id": "137112412989",
            "owners": [
              "amazon"
            ],
            "platform": "",
            "platform_details": "Linux/UNIX",
            "product_codes": [],
            "public": true,
            "ramdisk_id": "",
            "root_device_name": "/dev/xvda",
            "root_device_type": "ebs",
            "root_snapshot_id": "snap-009bb0813babda1d2",
            "sriov_net_support": "simple",
            "state": "available",
            "state_reason": {
              "code": "UNSET",
              "message": "UNSET"
            },
            "tags": {},
            "timeouts": null,
            "tpm_support": "",
            "uefi_data": null,
            "usage_operation": "RunInstances",
            "virtualization_type": "hvm"
          },
          "sensitive_attributes": []
        }
      ]
    },
    {
      "mode": "data",
      "type": "aws_route53_zone",
      "name": "by_name",
      "provider": "provider[\"registry.terraform.io/hashicorp/aws\"]",
      "instances": [
        {
          "index_key": 0,
          "schema_version": 0,
          "attributes": {
            "arn": "arn:aws:route53:::hostedzone/Z08925787J32A5PCXOGE",
            "caller_reference": "RISWorkflow-RD:a2528d9c-3450-4c7c-944b-4822b6988ee4",
            "comment": "HostedZone created by Route53 Registrar",
            "id": "Z08925787J32A5PCXOGE",
            "linked_service_description": null,
            "linked_service_principal": null,
            "name": "whirlwind.family",
            "name_servers": [
              "ns-1411.awsdns-48.org",
              "ns-493.awsdns-61.com",
              "ns-1022.awsdns-63.net",
              "ns-1865.awsdns-41.co.uk"
            ],
            "primary_name_server": "ns-1411.awsdns-48.org",
            "private_zone": false,
            "resource_record_set_count": 8,
            "tags": {},
            "vpc_id": null,
            "zone_id": "Z08925787J32A5PCXOGE"
          },
          "sensitive_attributes": []
        }
      ]
    },
    {
      "mode": "managed",
      "type": "aws_eip",
      "name": "inlets_server",
      "provider": "provider[\"registry.terraform.io/hashicorp/aws\"]",
      "instances": [
        {
          "schema_version": 0,
          "attributes": {
            "address": null,
            "allocation_id": "eipalloc-023c92c39752b6800",
            "arn": "arn:aws:ec2:us-east-1:428933486948:elastic-ip/eipalloc-023c92c39752b6800",
            "associate_with_private_ip": null,
            "association_id": "eipassoc-0a08dc7b1653f9a06",
            "carrier_ip": "",
            "customer_owned_ip": "",
            "customer_owned_ipv4_pool": "",
            "domain": "vpc",
            "id": "eipalloc-023c92c39752b6800",
            "instance": "i-0527a06d69fd791cb",
            "ipam_pool_id": null,
            "network_border_group": "us-east-1",
            "network_interface": "eni-008cbf94ae1e0835f",
            "private_dns": "ip-172-31-23-94.ec2.internal",
            "private_ip": "172.31.23.94",
            "ptr_record": "",
            "public_dns": "ec2-100-27-93-141.compute-1.amazonaws.com",
            "public_ip": "100.27.93.141",
            "public_ipv4_pool": "amazon",
            "tags": {
              "Environment": "production",
              "ManagedBy": "terraform",
              "Name": "epaper-inlets-server-eip",
              "Project": "ePaper"
            },
            "tags_all": {
              "Environment": "production",
              "ManagedBy": "terraform",
              "Name": "epaper-inlets-server-eip",
              "Project": "ePaper"
            },
            "timeouts": null,
            "vpc": true
          },
          "sensitive_attributes": [],
          "private": "eyJlMmJmYjczMC1lY2FhLTExZTYtOGY4OC0zNDM2M2JjN2M0YzAiOnsiZGVsZXRlIjoxODAwMDAwMDAwMDAsInJlYWQiOjkwMDAwMDAwMDAwMCwidXBkYXRlIjozMDAwMDAwMDAwMDB9fQ==",
          "dependencies": [
            "aws_iam_instance_profile.inlets_server",
            "aws_iam_role.inlets_server",
            "aws_instance.inlets_server",
            "aws_security_group.inlets_server",
            "data.aws_ami.amazon_linux",
            "random_password.inlets_token"
          ]
        }
      ]
    },
    {
      "mode": "managed",
      "type": "aws_iam_instance_profile",
      "name": "inlets_server",
      "provider": "provider[\"registry.terraform.io/hashicorp/aws\"]",
      "instances": [
        {
          "schema_version": 0,
          "attributes": {
            "arn": "arn:aws:iam::428933486948:instance-profile/epaper-inlets-server-profile",
            "create_date": "2025-10-29T04:41:21Z",
            "id": "epaper-inlets-server-profile",
            "name": "epaper-inlets-server-profile",
            "name_prefix": "",
            "path": "/",
            "role": "epaper-inlets-server-role",
            "tags": {
              "Environment": "production",
              "ManagedBy": "terraform",
              "Project": "ePaper"
            },
            "tags_all": {
              "Environment": "production",
              "ManagedBy": "terraform",
              "Project": "ePaper"
            },
            "unique_id": "AIPAWHXTNTFSF5AVVH4NI"
          },
          "sensitive_attributes": [],
          "private": "bnVsbA==",
          "dependencies": [
            "aws_iam_role.inlets_server"
          ]
        }
      ]
    },
    {
      "mode": "managed",
      "type": "aws_iam_role",
      "name": "inlets_server",
      "provider": "provider[\"registry.terraform.io/hashicorp/aws\"]",
      "instances": [
        {
          "schema_version": 0,
          "attributes": {
            "arn": "arn:aws:iam::428933486948:role/epaper-inlets-server-role",
            "assume_role_policy": "{\"Statement\":[{\"Action\":\"sts:AssumeRole\",\"Effect\":\"Allow\",\"Principal\":{\"Service\":\"ec2.amazonaws.com\"}}],\"Version\":\"2012-10-17\"}",
            "create_date": "2025-10-29T04:41:21Z",
            "description": "",
            "force_detach_policies": false,
            "id": "epaper-inlets-server-role",
            "inline_policy": [],
            "managed_policy_arns": [
              "arn:aws:iam::aws:policy/AmazonSSMManagedInstanceCore",
              "arn:aws:iam::aws:policy/CloudWatchAgentServerPolicy"
            ],
            "max_session_duration": 3600,
            "name": "epaper-inlets-server-role",
            "name_prefix": "",
            "path": "/",
            "permissions_boundary": "",
            "tags": {
              "Environment": "production",
              "ManagedBy": "terraform",
              "Project": "ePaper"
            },
            "tags_all": {
              "Environment": "production",
              "ManagedBy": "terraform",
              "Project": "ePaper"
            },
            "unique_id": "AROAWHXTNTFSE3YPFIEVG"
          },
          "sensitive_attributes": [],
          "private": "bnVsbA=="
        }
      ]
    },
    {
      "mode": "managed",
      "type": "aws_iam_role_policy_attachment",
      "name": "cloudwatch_agent",
      "provider": "provider[\"registry.terraform.io/hashicorp/aws\"]",
      "instances": [
        {
          "schema_version": 0,
          "attributes": {
            "id": "epaper-inlets-server-role-20251029044122556600000001",
            "policy_arn": "arn:aws:iam::aws:policy/CloudWatchAgentServerPolicy",
            "role": "epaper-inlets-server-role"
          },
          "sensitive_attributes": [],
          "private": "bnVsbA==",
          "dependencies": [
            "aws_iam_role.inlets_server"
          ]
        }
      ]
    },
    {
      "mode": "managed",
      "type": "aws_iam_role_policy_attachment",
      "name": "ssm_managed_instance",
      "provider": "provider[\"registry.terraform.io/hashicorp/aws\"]",
      "instances": [
        {
          "schema_version": 0,
          "attributes": {
            "id": "epaper-inlets-server-role-20251029044122691300000002",
            "policy_arn": "arn:aws:iam::aws:policy/AmazonSSMManagedInstanceCore",
            "role": "epaper-inlets-server-role"
          },
          "sensitive_attributes": [],
          "private": "bnVsbA==",
          "dependencies": [
            "aws_iam_role.inlets_server"
          ]
        }
      ]
    },
    {
      "mode": "managed",
      "type": "aws_instance",
      "name": "inlets_server",
      "provider": "provider[\"registry.terraform.io/hashicorp/aws\"]",
      "instances": [
        {
          "schema_version": 1,
          "attributes": {
            "ami": "ami-0601422bf6afa8ac3",
            "arn": "arn:aws:ec2:us-east-1:428933486948:instance/i-0527a06d69fd791cb",
            "associate_public_ip_address": true,
            "availability_zone": "us-east-1c",
            "capacity_reservation_specification": [
              {
                "capacity_reservation_preference": "open",
                "capacity_reservation_target": []
              }
            ],
            "cpu_core_count": 1,
            "cpu_options": [
              {
                "amd_sev_snp": "",
                "core_count": 1,
                "threads_per_core": 2
              }
            ],
            "cpu_threads_per_core": 2,
            "credit_specification": [
              {
                "cpu_credits": "unlimited"
              }
            ],
            "disable_api_stop": false,
            "disable_api_termination": false,
            "ebs_block_device": [],
            "ebs_optimized": false,
            "enable_primary_ipv6": null,
            "enclave_options": [
              {
                "enabled": false
              }
            ],
            "ephemeral_block_device": [],
            "get_password_data": false,
            "hibernation": false,
            "host_id": "",
            "host_resource_group_arn": null,
            "iam_instance_profile": "epaper-inlets-server-profile",
            "id": "i-0527a06d69fd791cb",
            "instance_initiated_shutdown_behavior": "stop",
            "instance_lifecycle": "",
            "instance_market_options": [],
            "instance_state": "running",
            "instance_type": "t3.micro",
            "ipv6_address_count": 0,
            "ipv6_addresses": [],
            "key_name": "",
            "launch_template": [],
            "maintenance_options": [
              {
                "auto_recovery": "default"
              }
            ],
            "metadata_options": [
              {
                "http_endpoint": "enabled",
                "http_protocol_ipv6": "disabled",
                "http_put_response_hop_limit": 1,
                "http_tokens": "optional",
                "instance_metadata_tags": "disabled"
              }
            ],
            "monitoring": false,
            "network_interface": [],
            "outpost_arn": "",
            "password_data": "",
            "placement_group": "",
            "placement_partition_number": 0,
            "primary_network_interface_id": "eni-008cbf94ae1e0835f",
            "private_dns": "ip-172-31-23-94.ec2.internal",
            "private_dns_name_options": [
              {
                "enable_resource_name_dns_a_record": false,
                "enable_resource_name_dns_aaaa_record": false,
                "hostname_type": "ip-name"
              }
            ],
            "private_ip": "172.31.23.94",
            "public_dns": "ec2-100-27-93-141.compute-1.amazonaws.com",
            "public_ip": "100.27.93.141",
            "root_block_device": [
              {
                "delete_on_termination": true,
                "device_name": "/dev/xvda",
                "encrypted": false,
                "iops": 100,
                "kms_key_id": "",
                "tags": {},
                "tags_all": {},
                "throughput": 0,
                "volume_id": "vol-0a236239e619b3ddd",
                "volume_size": 8,
                "volume_type": "gp2"
              }
            ],
            "secondary_private_ips": [],
            "security_groups": [
              "epaper-inlets-server-sg"
            ],
            "source_dest_check": true,
            "spot_instance_request_id": "",
            "subnet_id": "subnet-bd0c11f4",
            "tags": {
              "Environment": "production",
              "ManagedBy": "terraform",
              "Name": "epaper-inlets-server",
              "Project": "ePaper"
            },
            "tags_all": {
              "Environment": "production",
              "ManagedBy": "terraform",
              "Name": "epaper-inlets-server",
              "Project": "ePaper"
            },
            "tenancy": "default",
            "timeouts": null,
            "user_data": "808bac88eaac2e740982d717d099f87bd9ef3336",
            "user_data_base64": null,
            "user_data_replace_on_change": true,
            "volume_tags": null,
            "vpc_security_group_ids": [
              "sg-061dbcaed48b8f051"
            ]
          },
          "sensitive_attributes": [
            [
              {
                "type": "get_attr",
                "value": "user_data"
              }
            ]
          ],
          "private": "eyJlMmJmYjczMC1lY2FhLTExZTYtOGY4OC0zNDM2M2JjN2M0YzAiOnsiY3JlYXRlIjo2MDAwMDAwMDAwMDAsImRlbGV0ZSI6MTIwMDAwMDAwMDAwMCwicmVhZCI6OTAwMDAwMDAwMDAwLCJ1cGRhdGUiOjYwMDAwMDAwMDAwMH0sInNjaGVtYV92ZXJzaW9uIjoiMSJ9",
          "dependencies": [
            "aws_iam_instance_profile.inlets_server",
            "aws_iam_role.inlets_server",
            "aws_security_group.inlets_server",
            "data.aws_ami.amazon_linux",
            "random_password.inlets_token"
          ]
        }
      ]
    },
    {
      "mode": "managed",
      "type": "aws_route53_record",
      "name": "inlets",
      "provider": "provider[\"registry.terraform.io/hashicorp/aws\"]",
      "instances": [
        {
          "schema_version": 2,
          "attributes": {
            "alias": [],
            "allow_overwrite": null,
            "cidr_routing_policy": [],
            "failover_routing_policy": [],
            "fqdn": "epaper.whirlwind.family",
            "geolocation_routing_policy": [],
            "geoproximity_routing_policy": [],
            "health_check_id": "",
            "id": "Z08925787J32A5PCXOGE_epaper.whirlwind.family_A",
            "latency_routing_policy": [],
            "multivalue_answer_routing_policy": false,
            "name": "epaper.whirlwind.family",
            "records": [
              "100.27.93.141"
            ],
            "set_identifier": "",
            "timeouts": null,
            "ttl": 300,
            "type": "A",
            "weighted_routing_policy": [],
            "zone_id": "Z08925787J32A5PCXOGE"
          },
          "sensitive_attributes": [],
          "private": "eyJlMmJmYjczMC1lY2FhLTExZTYtOGY4OC0zNDM2M2JjN2M0YzAiOnsiY3JlYXRlIjoxODAwMDAwMDAwMDAwLCJkZWxldGUiOjE4MDAwMDAwMDAwMDAsInVwZGF0ZSI6MTgwMDAwMDAwMDAwMH0sInNjaGVtYV92ZXJzaW9uIjoiMiJ9",
          "dependencies": [
            "aws_eip.inlets_server",
            "data.aws_route53_zone.by_name",
            "data.aws_route53_zone.main"
          ]
        }
      ]
    },
    {
      "mode": "managed",
      "type": "aws_security_group",
      "name": "inlets_server",
      "provider": "provider[\"registry.terraform.io/hashicorp/aws\"]",
      "instances": [
        {
          "schema_version": 1,
          "attributes": {
            "arn": "arn:aws:ec2:us-east-1:428933486948:security-group/sg-061dbcaed48b8f051",
            "description": "Security group for inlets server",
            "egress": [
              {
                "cidr_blocks": [
                  "0.0.0.0/0"
                ],
                "description": "",
                "from_port": 0,
                "ipv6_cidr_blocks": [],
                "prefix_list_ids": [],
                "protocol": "-1",
                "security_groups": [],
                "self": false,
                "to_port": 0
              }
            ],
            "id": "sg-061dbcaed48b8f051",
            "ingress": [
              {
                "cidr_blocks": [
                  "0.0.0.0/0"
                ],
                "description": "",
                "from_port": 22,
                "ipv6_cidr_blocks": [],
                "prefix_list_ids": [],
                "protocol": "tcp",
                "security_groups": [],
                "self": false,
                "to_port": 22
              },
              {
                "cidr_blocks": [
                  "0.0.0.0/0"
                ],
                "description": "",
                "from_port": 443,
                "ipv6_cidr_blocks": [],
                "prefix_list_ids": [],
                "protocol": "tcp",
                "security_groups": [],
                "self": false,
                "to_port": 443
              },
              {
                "cidr_blocks": [
                  "0.0.0.0/0"
                ],
                "description": "",
                "from_port": 80,
                "ipv6_cidr_blocks": [],
                "prefix_list_ids": [],
                "protocol": "tcp",
                "security_groups": [],
                "self": false,
                "to_port": 80
              },
              {
                "cidr_blocks": [
                  "0.0.0.0/0"
                ],
                "description": "",
                "from_port": 8123,
                "ipv6_cidr_blocks": [],
                "prefix_list_ids": [],
                "protocol": "tcp",
                "security_groups": [],
                "self": false,
                "to_port": 8123
              }
            ],
            "name": "epaper-inlets-server-sg",
            "name_prefix": "",
            "owner_id": "428933486948",
            "revoke_rules_on_delete": false,
            "tags": {
              "Environment": "production",
              "ManagedBy": "terraform",
              "Name": "epaper-inlets-server-sg",
              "Project": "ePaper"
            },
            "tags_all": {
              "Environment": "production",
              "ManagedBy": "terraform",
              "Name": "epaper-inlets-server-sg",
              "Project": "ePaper"
            },
            "timeouts": null,
            "vpc_id": "vpc-172e5171"
          },
          "sensitive_attributes": [],
          "private": "eyJlMmJmYjczMC1lY2FhLTExZTYtOGY4OC0zNDM2M2JjN2M0YzAiOnsiY3JlYXRlIjo2MDAwMDAwMDAwMDAsImRlbGV0ZSI6OTAwMDAwMDAwMDAwfSwic2NoZW1hX3ZlcnNpb24iOiIxIn0="
        }
      ]
    },
    {
      "mode": "managed",
      "type": "local_file",
      "name": "inlets_client_env",
      "provider": "provider[\"registry.terraform.io/hashicorp/local\"]",
      "instances": [
        {
          "index_key": 0,
          "schema_version": 0,
          "attributes": {
            "content": "# Inlets Client Configuration\r\n# Generated by Terraform\r\n#\r\n# This file contains sensitive information - do not commit to version control\r\n\r\nINLETS_REMOTE=wss://epaper.whirlwind.family:8123\r\nINLETS_TOKEN=1efzkzuuMkcjSD4w3tDU77VuDf5G34lBtIl8qhilbBTR7Un0dMyEw5TdjAP9vKff\r\nINLETS_UPSTREAM=http://epaper-display:80\r\n",
            "content_base64": null,
            "content_base64sha256": "6WNz9SzX3qwAbciPTEhpMDykrH2JP1ghipFZ1qxs1z4=",
            "content_base64sha512": "CF+YLmBM/v1zWhVthEUhwWMirB08cMOSkKqQm2nmC/FvCyzc0rSz2LERMGMcXKb7z/SQWLPeaoiZGShJBdHe5Q==",
            "content_md5": "326da24c0c9ce7c6043ee0426cd911e7",
            "content_sha1": "1847eba151f69c8bd72c1460f0dd2fb82244e30c",
            "content_sha256": "e96373f52cd7deac006dc88f4c4869303ca4ac7d893f58218a9159d6ac6cd73e",
            "content_sha512": "085f982e604cfefd735a156d844521c16322ac1d3c70c39290aa909b69e60bf16f0b2cdcd2b4b3d8b11130631c5ca6fbcff49058b3de6a889919284905d1dee5",
            "directory_permission": "0777",
            "file_permission": "0600",
            "filename": "./.env.inlets",
            "id": "1847eba151f69c8bd72c1460f0dd2fb82244e30c",
            "sensitive_content": null,
            "source": null
          },
          "sensitive_attributes": [
            [
              {
                "type": "get_attr",
                "value": "content"
              }
            ]
          ],
          "dependencies": [
            "random_password.inlets_token"
          ]
        }
      ]
    },
    {
      "mode": "managed",
      "type": "random_password",
      "name": "inlets_token",
      "provider": "provider[\"registry.terraform.io/hashicorp/random\"]",
      "instances": [
        {
          "index_key": 0,
          "schema_version": 3,
          "attributes": {
            "bcrypt_hash": "$2a$10$vCTyxhF3H6yTJTa1/GFQ0OqAiwEllwzC1PDs1X4BImwC/e/bqxVhC",
            "id": "none",
            "keepers": null,
            "length": 64,
            "lower": true,
            "min_lower": 0,
            "min_numeric": 0,
            "min_special": 0,
            "min_upper": 0,
            "number": true,
            "numeric": true,
            "override_special": null,
            "result": "1efzkzuuMkcjSD4w3tDU77VuDf5G34lBtIl8qhilbBTR7Un0dMyEw5TdjAP9vKff",
            "special": false,
            "upper": true
          },
          "sensitive_attributes": []
        }
      ]
    }
  ]
}
